github.com/DataDog/zstd v1.5.5 h1:oWf5W7GtOLgp6bciQYDmhHHjdhYkALu6S/5Ni9ZgSvQ=
github.com/DataDog/zstd v1.5.5/go.mod h1:g4AWEaM3yOg3HYfnJ3YIawPnVdXJh9QME85blwSAmyw=
github.com/intel/ISALgo v1.2.0 h1:ybxjoZbH1SGlq1kyriExlMgOfhUCvJzqhgd3CGtQGEc=
github.com/intel/ISALgo v1.2.0/go.mod h1:NFLuFgO6eKW7cDwNgSOLEsYHD80ftvBlcr8Z6Nh1Iyk=
github.com/intel/ixl-go v0.0.0-20231007093955-55b5d3e5f4bd h1:A1pjy5MtOaBk4R/5LcfRZU5cyuBUeOPWGYa91odeCn8=
github.com/intel/ixl-go v0.0.0-20231007093955-55b5d3e5f4bd/go.mod h1:iYVCMdnOm/YBqXtfToRxSiHv3cREUJ+D2RhXdg8M8DA=
github.com/intel/qatgo v1.0.1 h1:HdJbh8dEdoOFhy09MgEtZvbwQcYakiP+Qb4eviDcwFg=
github.com/intel/qatgo v1.0.1/go.mod h1:XumK+kx1CR52YfMMMRbFLZ4bvvKawpHxHUKnQ192pEE=
github.com/klauspost/compress v1.17.4 h1:Ej5ixsIri7BrIjBkRZLTo6ghwrEtHFk7ijlczPW4fZ4=
github.com/klauspost/compress v1.17.4/go.mod h1:/dCuZOvVtNoHsyb+cuJD3itjs3NbnF6KH9zAO4BDxPM=
github.com/pierrec/lz4/v4 v4.1.19 h1:tYLzDnjDXh9qIxSTKHwXwOYmm9d887Y7Y1ZkyXYHAN4=
github.com/pierrec/lz4/v4 v4.1.19/go.mod h1:gZWDp/Ze/IJXGXf23ltt2EXimqmTUXEy0GFuRQyBid4=
